
Microsoft Visual Studio Solution File, Format Version 12.00
# Visual Studio 15
VisualStudioVersion = 15.0.27703.2026
MinimumVisualStudioVersion = 10.0.40219.1
Project("{FAE04EC0-301F-11D3-BF4B-00C04F79EFBC}") = "FlippingCalc", "FlippingCalc\FlippingCalc.csproj", "{48BD66EE-6D26-4E2A-8545-2E21618E76E6}"
EndProject
Global
	GlobalSection(SolutionConfigurationPlatforms) = preSolution
		Debug|Any CPU = Debug|Any CPU
		Release|Any CPU = Release|Any CPU
	EndGlobalSection
	GlobalSection(ProjectConfigurationPlatforms) = postSolution
		{48BD66EE-6D26-4E2A-8545-2E21618E76E6}.Debug|Any CPU.ActiveCfg = Debug|Any CPU
		{48BD66EE-6D26-4E2A-8545-2E21618E76E6}.Debug|Any CPU.Build.0 = Debug|Any CPU
		{48BD66EE-6D26-4E2A-8545-2E21618E76E6}.Release|Any CPU.ActiveCfg = Release|Any CPU
		{48BD66EE-6D26-4E2A-8545-2E21618E76E6}.Release|Any CPU.Build.0 = Release|Any CPU
	EndGlobalSection
	GlobalSection(SolutionProperties) = preSolution
		HideSolutionNode = FALSE
	EndGlobalSection
	GlobalSection(ExtensibilityGlobals) = postSolution
		SolutionGuid = {D1D9848C-F0D0-4130-B664-B6609C9B46EA}
	EndGlobalSection
EndGlobal
