
Microsoft Visual Studio Solution File, Format Version 12.00
# Visual Studio Version 16
VisualStudioVersion = 16.0.29215.179
MinimumVisualStudioVersion = 10.0.40219.1
Project("{FAE04EC0-301F-11D3-BF4B-00C04F79EFBC}") = "FlippingCalc", "FlippingCalc\FlippingCalc.csproj", "{48BD66EE-6D26-4E2A-8545-2E21618E76E6}"
EndProject
Project("{54435603-DBB4-11D2-8724-00A0C9A8B90C}") = "FlippingCalc-Setup", "FlippingCalc-Setup\FlippingCalc-Setup.vdproj", "{4D7B8445-8E71-4691-B603-0161675C174F}"
EndProject
Global
	GlobalSection(SolutionConfigurationPlatforms) = preSolution
		Debug|x64 = Debug|x64
		Debug|x86 = Debug|x86
		Release|x64 = Release|x64
		Release|x86 = Release|x86
	EndGlobalSection
	GlobalSection(ProjectConfigurationPlatforms) = postSolution
		{48BD66EE-6D26-4E2A-8545-2E21618E76E6}.Debug|x64.ActiveCfg = Debug|Any CPU
		{48BD66EE-6D26-4E2A-8545-2E21618E76E6}.Debug|x64.Build.0 = Debug|Any CPU
		{48BD66EE-6D26-4E2A-8545-2E21618E76E6}.Debug|x86.ActiveCfg = Debug|Any CPU
		{48BD66EE-6D26-4E2A-8545-2E21618E76E6}.Debug|x86.Build.0 = Debug|Any CPU
		{48BD66EE-6D26-4E2A-8545-2E21618E76E6}.Release|x64.ActiveCfg = Release|Any CPU
		{48BD66EE-6D26-4E2A-8545-2E21618E76E6}.Release|x64.Build.0 = Release|Any CPU
		{48BD66EE-6D26-4E2A-8545-2E21618E76E6}.Release|x86.ActiveCfg = Release|Any CPU
		{48BD66EE-6D26-4E2A-8545-2E21618E76E6}.Release|x86.Build.0 = Release|Any CPU
		{4D7B8445-8E71-4691-B603-0161675C174F}.Debug|x64.ActiveCfg = Debug
		{4D7B8445-8E71-4691-B603-0161675C174F}.Debug|x86.ActiveCfg = Debug
		{4D7B8445-8E71-4691-B603-0161675C174F}.Release|x64.ActiveCfg = Release
		{4D7B8445-8E71-4691-B603-0161675C174F}.Release|x86.ActiveCfg = Release
	EndGlobalSection
	GlobalSection(SolutionProperties) = preSolution
		HideSolutionNode = FALSE
	EndGlobalSection
	GlobalSection(ExtensibilityGlobals) = postSolution
		SolutionGuid = {D1D9848C-F0D0-4130-B664-B6609C9B46EA}
	EndGlobalSection
EndGlobal
